
Microsoft Visual Studio Solution File, Format Version 12.00
# Visual Studio 15
VisualStudioVersion = 15.0.27703.2026
MinimumVisualStudioVersion = 10.0.40219.1
Project("{FAE04EC0-301F-11D3-BF4B-00C04F79EFBC}") = "Blockchain", "Blockchain\Blockchain.csproj", "{E4C99156-9F27-4C3D-9720-CF19135A36EB}"
EndProject
Project("{FAE04EC0-301F-11D3-BF4B-00C04F79EFBC}") = "BockchainTesting", "BockchainTesting\BockchainTesting.csproj", "{09B1C5E3-73B8-4BD7-BA36-1908C60B7089}"
EndProject
Project("{FAE04EC0-301F-11D3-BF4B-00C04F79EFBC}") = "DAO", "DAO\DAO.csproj", "{FF8519D3-AFDE-4DEC-8B6E-07AB8C970355}"
EndProject
Project("{FAE04EC0-301F-11D3-BF4B-00C04F79EFBC}") = "NodeClient", "Nodo1Client\NodeClient.csproj", "{9BBCA087-BAE1-44C6-A7FF-34A19F99B973}"
EndProject
Global
	GlobalSection(SolutionConfigurationPlatforms) = preSolution
		Debug|Any CPU = Debug|Any CPU
		Release|Any CPU = Release|Any CPU
	EndGlobalSection
	GlobalSection(ProjectConfigurationPlatforms) = postSolution
		{E4C99156-9F27-4C3D-9720-CF19135A36EB}.Debug|Any CPU.ActiveCfg = Debug|Any CPU
		{E4C99156-9F27-4C3D-9720-CF19135A36EB}.Debug|Any CPU.Build.0 = Debug|Any CPU
		{E4C99156-9F27-4C3D-9720-CF19135A36EB}.Release|Any CPU.ActiveCfg = Release|Any CPU
		{E4C99156-9F27-4C3D-9720-CF19135A36EB}.Release|Any CPU.Build.0 = Release|Any CPU
		{09B1C5E3-73B8-4BD7-BA36-1908C60B7089}.Debug|Any CPU.ActiveCfg = Debug|Any CPU
		{09B1C5E3-73B8-4BD7-BA36-1908C60B7089}.Debug|Any CPU.Build.0 = Debug|Any CPU
		{09B1C5E3-73B8-4BD7-BA36-1908C60B7089}.Release|Any CPU.ActiveCfg = Release|Any CPU
		{09B1C5E3-73B8-4BD7-BA36-1908C60B7089}.Release|Any CPU.Build.0 = Release|Any CPU
		{FF8519D3-AFDE-4DEC-8B6E-07AB8C970355}.Debug|Any CPU.ActiveCfg = Debug|Any CPU
		{FF8519D3-AFDE-4DEC-8B6E-07AB8C970355}.Debug|Any CPU.Build.0 = Debug|Any CPU
		{FF8519D3-AFDE-4DEC-8B6E-07AB8C970355}.Release|Any CPU.ActiveCfg = Release|Any CPU
		{FF8519D3-AFDE-4DEC-8B6E-07AB8C970355}.Release|Any CPU.Build.0 = Release|Any CPU
		{9BBCA087-BAE1-44C6-A7FF-34A19F99B973}.Debug|Any CPU.ActiveCfg = Debug|Any CPU
		{9BBCA087-BAE1-44C6-A7FF-34A19F99B973}.Debug|Any CPU.Build.0 = Debug|Any CPU
		{9BBCA087-BAE1-44C6-A7FF-34A19F99B973}.Release|Any CPU.ActiveCfg = Release|Any CPU
		{9BBCA087-BAE1-44C6-A7FF-34A19F99B973}.Release|Any CPU.Build.0 = Release|Any CPU
	EndGlobalSection
	GlobalSection(SolutionProperties) = preSolution
		HideSolutionNode = FALSE
	EndGlobalSection
	GlobalSection(ExtensibilityGlobals) = postSolution
		SolutionGuid = {C6748988-71C4-4FEB-B9BE-609957A62E84}
	EndGlobalSection
EndGlobal
